
Microsoft Visual Studio Solution File, Format Version 12.00
# Visual Studio 14
VisualStudioVersion = 14.0.24720.0
MinimumVisualStudioVersion = 10.0.40219.1
Project("{FAE04EC0-301F-11D3-BF4B-00C04F79EFBC}") = "Lib", "Lib\Lib.csproj", "{61C3838E-9CEC-45F4-B809-24569BAA1EB0}"
EndProject
Project("{FAE04EC0-301F-11D3-BF4B-00C04F79EFBC}") = "Lib.Test", "Lib.Test\Lib.Test.csproj", "{BEB2823D-F60C-4BA9-959A-C576BCFF5CF1}"
EndProject
Global
	GlobalSection(SolutionConfigurationPlatforms) = preSolution
		Debug|Any CPU = Debug|Any CPU
		Release|Any CPU = Release|Any CPU
	EndGlobalSection
	GlobalSection(ProjectConfigurationPlatforms) = postSolution
		{61C3838E-9CEC-45F4-B809-24569BAA1EB0}.Debug|Any CPU.ActiveCfg = Debug|Any CPU
		{61C3838E-9CEC-45F4-B809-24569BAA1EB0}.Debug|Any CPU.Build.0 = Debug|Any CPU
		{61C3838E-9CEC-45F4-B809-24569BAA1EB0}.Release|Any CPU.ActiveCfg = Release|Any CPU
		{61C3838E-9CEC-45F4-B809-24569BAA1EB0}.Release|Any CPU.Build.0 = Release|Any CPU
		{BEB2823D-F60C-4BA9-959A-C576BCFF5CF1}.Debug|Any CPU.ActiveCfg = Debug|Any CPU
		{BEB2823D-F60C-4BA9-959A-C576BCFF5CF1}.Debug|Any CPU.Build.0 = Debug|Any CPU
		{BEB2823D-F60C-4BA9-959A-C576BCFF5CF1}.Release|Any CPU.ActiveCfg = Release|Any CPU
		{BEB2823D-F60C-4BA9-959A-C576BCFF5CF1}.Release|Any CPU.Build.0 = Release|Any CPU
	EndGlobalSection
	GlobalSection(SolutionProperties) = preSolution
		HideSolutionNode = FALSE
	EndGlobalSection
EndGlobal
